
Microsoft Visual Studio Solution File, Format Version 12.00
# Visual Studio Version 17
VisualStudioVersion = 17.1.32328.378
MinimumVisualStudioVersion = 10.0.40219.1
Project("{9A19103F-16F7-4668-BE54-9A1E7A4F7556}") = "LimbusLocalize", "Plugin\LimbusLocalize.csproj", "{B8F92B29-0E76-4151-B668-3B545AB0DE25}"
EndProject
Project("{FAE04EC0-301F-11D3-BF4B-00C04F79EFBC}") = "LimbusLocalize_Updater", "Patcher\LimbusLocalize_Updater.csproj", "{A1090C04-D243-4A74-A6F5-96A5699B80E4}"
EndProject
Global
	GlobalSection(SolutionConfigurationPlatforms) = preSolution
		BIE|x64 = BIE|x64
	EndGlobalSection
	GlobalSection(ProjectConfigurationPlatforms) = postSolution
		{B8F92B29-0E76-4151-B668-3B545AB0DE25}.BIE|x64.ActiveCfg = BIE|x64
		{B8F92B29-0E76-4151-B668-3B545AB0DE25}.BIE|x64.Build.0 = BIE|x64
		{A1090C04-D243-4A74-A6F5-96A5699B80E4}.BIE|x64.ActiveCfg = Debug|Any CPU
		{A1090C04-D243-4A74-A6F5-96A5699B80E4}.BIE|x64.Build.0 = Debug|Any CPU
	EndGlobalSection
	GlobalSection(SolutionProperties) = preSolution
		HideSolutionNode = FALSE
	EndGlobalSection
	GlobalSection(ExtensibilityGlobals) = postSolution
		SolutionGuid = {CA42340C-BF4E-428F-BF3C-6C21982AFAC9}
	EndGlobalSection
EndGlobal
