
Microsoft Visual Studio Solution File, Format Version 12.00
# Visual Studio Version 17
VisualStudioVersion = 17.6.33712.159
MinimumVisualStudioVersion = 10.0.40219.1
Project("{9A19103F-16F7-4668-BE54-9A1E7A4F7556}") = "LimbusCompanyBusRus", "LimbusCompanyBusRus.csproj", "{2165E0CC-28EB-4E2B-ADF2-1E664F23D8A1}"
EndProject
Global
	GlobalSection(SolutionConfigurationPlatforms) = preSolution
		ML_Cpp_net6_interop|x64 = ML_Cpp_net6_interop|x64
	EndGlobalSection
	GlobalSection(ProjectConfigurationPlatforms) = postSolution
		{2165E0CC-28EB-4E2B-ADF2-1E664F23D8A1}.ML_Cpp_net6_interop|x64.ActiveCfg = ML_Cpp_net6_interop|x64
		{2165E0CC-28EB-4E2B-ADF2-1E664F23D8A1}.ML_Cpp_net6_interop|x64.Build.0 = ML_Cpp_net6_interop|x64
	EndGlobalSection
	GlobalSection(SolutionProperties) = preSolution
		HideSolutionNode = FALSE
	EndGlobalSection
	GlobalSection(ExtensibilityGlobals) = postSolution
		SolutionGuid = {22840A66-6DDD-4E8C-B4ED-48BF4311604E}
	EndGlobalSection
EndGlobal
